{
  "name": "lcp_nodehog_cpu",
  "version": "1.0.0",
  "lockfileVersion": 1,
  "requires": true,
  "dependencies": {
    "nodehog": {
      "version": "0.1.1",
      "resolved": "https://registry.npmjs.org/nodehog/-/nodehog-0.1.1.tgz",
      "integrity": "sha512-asSGUrRrhS2C1dptEPFlE2lmgCcYkU57WTtCAPKmwvDF5KK9q0DJeWs6j/ZLKx4dh7udQ2r4QDftTejlshmdJw=="
    }
  }
}
