{
  "name": "lcp_nodehog",
  "version": "1.0.0",
  "lockfileVersion": 1,
  "requires": true,
  "dependencies": {
    "nodehog": {
      "version": "0.0.4",
      "resolved": "https://registry.npmjs.org/nodehog/-/nodehog-0.0.4.tgz",
      "integrity": "sha512-6p5CvVYGVO03qFKeLlYUMNqk+7Hp98PHcFWxP7oz0x9uXVXxcINiuDfyulRyda3tU2EeoIOBXJA/qCMSpjJQ2Q=="
    }
  }
}
