{
  "name": "lcp_nodehog_cpu",
  "version": "1.0.0",
  "lockfileVersion": 1,
  "requires": true,
  "dependencies": {
    "nodehog": {
      "version": "0.1.0",
      "resolved": "https://registry.npmjs.org/nodehog/-/nodehog-0.1.0.tgz",
      "integrity": "sha512-2AxjEtce0Ts5iTKjbT1UiU/4xZfWYi3tMa8QqgYFE0Xr5r3rBQIUH1cCWHq33ccWVZ5zxnLlJdgj5yPexNXacA=="
    }
  }
}
